
Microsoft Visual Studio Solution File, Format Version 12.00
# Visual Studio 15
VisualStudioVersion = 15.0.27130.0
MinimumVisualStudioVersion = 10.0.40219.1
Project("{FAE04EC0-301F-11D3-BF4B-00C04F79EFBC}") = "asdasd", "asdasd\asdasd.csproj", "{910B7434-DAD5-48A6-9E35-16BAFDF7844C}"
EndProject
Global
	GlobalSection(SolutionConfigurationPlatforms) = preSolution
		Debug|Any CPU = Debug|Any CPU
		Release|Any CPU = Release|Any CPU
	EndGlobalSection
	GlobalSection(ProjectConfigurationPlatforms) = postSolution
		{910B7434-DAD5-48A6-9E35-16BAFDF7844C}.Debug|Any CPU.ActiveCfg = Debug|Any CPU
		{910B7434-DAD5-48A6-9E35-16BAFDF7844C}.Debug|Any CPU.Build.0 = Debug|Any CPU
		{910B7434-DAD5-48A6-9E35-16BAFDF7844C}.Release|Any CPU.ActiveCfg = Release|Any CPU
		{910B7434-DAD5-48A6-9E35-16BAFDF7844C}.Release|Any CPU.Build.0 = Release|Any CPU
	EndGlobalSection
	GlobalSection(SolutionProperties) = preSolution
		HideSolutionNode = FALSE
	EndGlobalSection
	GlobalSection(ExtensibilityGlobals) = postSolution
		SolutionGuid = {16A7D75D-EAEF-49E3-906F-10D605E56AEF}
	EndGlobalSection
EndGlobal
